
Microsoft Visual Studio Solution File, Format Version 12.00
# Visual Studio Version 16
VisualStudioVersion = 16.0.29409.12
MinimumVisualStudioVersion = 10.0.40219.1
Project("{FAE04EC0-301F-11D3-BF4B-00C04F79EFBC}") = "EsperanzaDeVida", "EsperanzaDeVida\EsperanzaDeVida.csproj", "{4F2A3836-9D2F-4C4F-BC93-D90B2EA4DE78}"
EndProject
Global
	GlobalSection(SolutionConfigurationPlatforms) = preSolution
		Debug|Any CPU = Debug|Any CPU
		Release|Any CPU = Release|Any CPU
	EndGlobalSection
	GlobalSection(ProjectConfigurationPlatforms) = postSolution
		{4F2A3836-9D2F-4C4F-BC93-D90B2EA4DE78}.Debug|Any CPU.ActiveCfg = Debug|Any CPU
		{4F2A3836-9D2F-4C4F-BC93-D90B2EA4DE78}.Debug|Any CPU.Build.0 = Debug|Any CPU
		{4F2A3836-9D2F-4C4F-BC93-D90B2EA4DE78}.Release|Any CPU.ActiveCfg = Release|Any CPU
		{4F2A3836-9D2F-4C4F-BC93-D90B2EA4DE78}.Release|Any CPU.Build.0 = Release|Any CPU
	EndGlobalSection
	GlobalSection(SolutionProperties) = preSolution
		HideSolutionNode = FALSE
	EndGlobalSection
	GlobalSection(ExtensibilityGlobals) = postSolution
		SolutionGuid = {BCC76407-B119-4C8A-BB67-18CDD96FDC98}
	EndGlobalSection
EndGlobal
